// !$*UTF8*$!
{
	archiveVersion = 1;
	classes = {
	};
	objectVersion = 46;
	objects = {

/* Begin PBXBuildFile section */
		51E2E7F52674FA4F00BBD815 /* plugin_start.cpp in Sources */ = {isa = PBXBuildFile; fileRef = 51E2E7F42674FA4F00BBD815 /* plugin_start.cpp */; };
		51E67F062673CA2B00FB6051 /* SimpleRtlBT.cpp in Sources */ = {isa = PBXBuildFile; fileRef = 51E67F042673CA2B00FB6051 /* SimpleRtlBT.cpp */; };
		BBB111CC2D059DBC00AF4F75 /* SimpleRtlBT.h in Headers */ = {isa = PBXBuildFile; fileRef = BBB111CB2D059DB800AF4F75 /* SimpleRtlBT.h */; };
/* End PBXBuildFile section */

/* Begin PBXCopyFilesBuildPhase section */
		51E67F032673C95000FB6051 /* CopyFiles */ = {
			isa = PBXCopyFilesBuildPhase;
			buildActionMask = 2147483647;
			dstPath = "";
			dstSubfolderSpec = 7;
			files = (
			);
			runOnlyForDeploymentPostprocessing = 0;
		};
/* End PBXCopyFilesBuildPhase section */

/* Begin PBXFileReference section */
		517C9A0D2674FB1700338A13 /* kern_devinfo.hpp */ = {isa = PBXFileReference; lastKnownFileType = sourcecode.cpp.h; path = kern_devinfo.hpp; sourceTree = "<group>"; };
		517C9A0E2674FB1700338A13 /* plugin_start.hpp */ = {isa = PBXFileReference; lastKnownFileType = sourcecode.cpp.h; path = plugin_start.hpp; sourceTree = "<group>"; };
		517C9A0F2674FB1700338A13 /* kern_api.hpp */ = {isa = PBXFileReference; lastKnownFileType = sourcecode.cpp.h; path = kern_api.hpp; sourceTree = "<group>"; };
		517C9A102674FB1700338A13 /* kern_file.hpp */ = {isa = PBXFileReference; lastKnownFileType = sourcecode.cpp.h; path = kern_file.hpp; sourceTree = "<group>"; };
		517C9A112674FB1700338A13 /* kern_user.hpp */ = {isa = PBXFileReference; lastKnownFileType = sourcecode.cpp.h; path = kern_user.hpp; sourceTree = "<group>"; };
		517C9A122674FB1700338A13 /* kern_config.hpp */ = {isa = PBXFileReference; lastKnownFileType = sourcecode.cpp.h; path = kern_config.hpp; sourceTree = "<group>"; };
		517C9A132674FB1700338A13 /* kern_util.hpp */ = {isa = PBXFileReference; lastKnownFileType = sourcecode.cpp.h; path = kern_util.hpp; sourceTree = "<group>"; };
		517C9A142674FB1700338A13 /* kern_cpu.hpp */ = {isa = PBXFileReference; lastKnownFileType = sourcecode.cpp.h; path = kern_cpu.hpp; sourceTree = "<group>"; };
		517C9A152674FB1700338A13 /* kern_nvram.hpp */ = {isa = PBXFileReference; lastKnownFileType = sourcecode.cpp.h; path = kern_nvram.hpp; sourceTree = "<group>"; };
		517C9A162674FB1700338A13 /* kern_compression.hpp */ = {isa = PBXFileReference; lastKnownFileType = sourcecode.cpp.h; path = kern_compression.hpp; sourceTree = "<group>"; };
		517C9A172674FB1700338A13 /* kern_crypto.hpp */ = {isa = PBXFileReference; lastKnownFileType = sourcecode.cpp.h; path = kern_crypto.hpp; sourceTree = "<group>"; };
		517C9A182674FB1700338A13 /* kern_version.hpp */ = {isa = PBXFileReference; lastKnownFileType = sourcecode.cpp.h; path = kern_version.hpp; sourceTree = "<group>"; };
		517C9A192674FB1700338A13 /* kern_policy.hpp */ = {isa = PBXFileReference; lastKnownFileType = sourcecode.cpp.h; path = kern_policy.hpp; sourceTree = "<group>"; };
		517C9A1A2674FB1700338A13 /* kern_disasm.hpp */ = {isa = PBXFileReference; lastKnownFileType = sourcecode.cpp.h; path = kern_disasm.hpp; sourceTree = "<group>"; };
		517C9A1B2674FB1700338A13 /* hde64.h */ = {isa = PBXFileReference; lastKnownFileType = sourcecode.c.h; path = hde64.h; sourceTree = "<group>"; };
		517C9A1C2674FB1700338A13 /* kern_iokit.hpp */ = {isa = PBXFileReference; lastKnownFileType = sourcecode.cpp.h; path = kern_iokit.hpp; sourceTree = "<group>"; };
		517C9A1D2674FB1700338A13 /* kern_patcher.hpp */ = {isa = PBXFileReference; lastKnownFileType = sourcecode.cpp.h; path = kern_patcher.hpp; sourceTree = "<group>"; };
		517C9A1E2674FB1700338A13 /* kern_rtc.hpp */ = {isa = PBXFileReference; lastKnownFileType = sourcecode.cpp.h; path = kern_rtc.hpp; sourceTree = "<group>"; };
		517C9A1F2674FB1700338A13 /* kern_compat.hpp */ = {isa = PBXFileReference; lastKnownFileType = sourcecode.cpp.h; path = kern_compat.hpp; sourceTree = "<group>"; };
		517C9A202674FB1700338A13 /* kern_efi.hpp */ = {isa = PBXFileReference; lastKnownFileType = sourcecode.cpp.h; path = kern_efi.hpp; sourceTree = "<group>"; };
		517C9A212674FB1700338A13 /* kern_time.hpp */ = {isa = PBXFileReference; lastKnownFileType = sourcecode.cpp.h; path = kern_time.hpp; sourceTree = "<group>"; };
		517C9A222674FB1700338A13 /* kern_mach.hpp */ = {isa = PBXFileReference; lastKnownFileType = sourcecode.cpp.h; path = kern_mach.hpp; sourceTree = "<group>"; };
		51E2E7F42674FA4F00BBD815 /* plugin_start.cpp */ = {isa = PBXFileReference; lastKnownFileType = sourcecode.cpp.cpp; path = plugin_start.cpp; sourceTree = "<group>"; };
		51E67EF62673C7FB00FB6051 /* SimpleRtlBT.kext */ = {isa = PBXFileReference; explicitFileType = wrapper.cfbundle; includeInIndex = 0; path = SimpleRtlBT.kext; sourceTree = BUILT_PRODUCTS_DIR; };
		51E67F042673CA2B00FB6051 /* SimpleRtlBT.cpp */ = {isa = PBXFileReference; lastKnownFileType = sourcecode.cpp.cpp; path = SimpleRtlBT.cpp; sourceTree = "<group>"; };
		51E67F072673CC4800FB6051 /* SRTLBT.plist */ = {isa = PBXFileReference; lastKnownFileType = text.plist.xml; path = SRTLBT.plist; sourceTree = "<group>"; };
		BBB111CA2D059D2700AF4F75 /* libkmod.a */ = {isa = PBXFileReference; lastKnownFileType = archive.ar; path = libkmod.a; sourceTree = "<group>"; };
		BBB111CB2D059DB800AF4F75 /* SimpleRtlBT.h */ = {isa = PBXFileReference; lastKnownFileType = sourcecode.c.h; path = SimpleRtlBT.h; sourceTree = "<group>"; };
/* End PBXFileReference section */

/* Begin PBXFrameworksBuildPhase section */
		51E67EF32673C7FB00FB6051 /* Frameworks */ = {
			isa = PBXFrameworksBuildPhase;
			buildActionMask = 2147483647;
			files = (
			);
			runOnlyForDeploymentPostprocessing = 0;
		};
/* End PBXFrameworksBuildPhase section */

/* Begin PBXGroup section */
		51E2E7E92674F95700BBD815 /* SDK */ = {
			isa = PBXGroup;
			children = (
				51E2E7F32674FA0800BBD815 /* Library */,
				51E2E7EF2674F9B800BBD815 /* Headers */,
			);
			name = SDK;
			sourceTree = "<group>";
		};
		51E2E7EF2674F9B800BBD815 /* Headers */ = {
			isa = PBXGroup;
			children = (
				517C9A1B2674FB1700338A13 /* hde64.h */,
				517C9A0F2674FB1700338A13 /* kern_api.hpp */,
				517C9A1F2674FB1700338A13 /* kern_compat.hpp */,
				517C9A162674FB1700338A13 /* kern_compression.hpp */,
				517C9A122674FB1700338A13 /* kern_config.hpp */,
				517C9A142674FB1700338A13 /* kern_cpu.hpp */,
				517C9A172674FB1700338A13 /* kern_crypto.hpp */,
				517C9A0D2674FB1700338A13 /* kern_devinfo.hpp */,
				517C9A1A2674FB1700338A13 /* kern_disasm.hpp */,
				517C9A202674FB1700338A13 /* kern_efi.hpp */,
				517C9A102674FB1700338A13 /* kern_file.hpp */,
				517C9A1C2674FB1700338A13 /* kern_iokit.hpp */,
				517C9A222674FB1700338A13 /* kern_mach.hpp */,
				517C9A152674FB1700338A13 /* kern_nvram.hpp */,
				517C9A1D2674FB1700338A13 /* kern_patcher.hpp */,
				517C9A192674FB1700338A13 /* kern_policy.hpp */,
				517C9A1E2674FB1700338A13 /* kern_rtc.hpp */,
				517C9A212674FB1700338A13 /* kern_time.hpp */,
				517C9A112674FB1700338A13 /* kern_user.hpp */,
				517C9A132674FB1700338A13 /* kern_util.hpp */,
				517C9A182674FB1700338A13 /* kern_version.hpp */,
				517C9A0E2674FB1700338A13 /* plugin_start.hpp */,
			);
			name = Headers;
			path = Lilu.kext/Contents/Resources/Headers;
			sourceTree = "<group>";
		};
		51E2E7F32674FA0800BBD815 /* Library */ = {
			isa = PBXGroup;
			children = (
				51E2E7F42674FA4F00BBD815 /* plugin_start.cpp */,
			);
			name = Library;
			path = Lilu.kext/Contents/Resources/Library;
			sourceTree = SOURCE_ROOT;
		};
		CE8DA13125182BB2008C44E8 /* Frameworks */ = {
			isa = PBXGroup;
			children = (
				BBB111CA2D059D2700AF4F75 /* libkmod.a */,
			);
			name = Frameworks;
			sourceTree = "<group>";
		};
		D4F91AF41A2998CE0030D10D = {
			isa = PBXGroup;
			children = (
				51E2E7E92674F95700BBD815 /* SDK */,
				D4F91B001A2998CE0030D10D /* SimpleRtlBT */,
				D4F91AFF1A2998CE0030D10D /* Products */,
				CE8DA13125182BB2008C44E8 /* Frameworks */,
			);
			sourceTree = "<group>";
			usesTabs = 0;
		};
		D4F91AFF1A2998CE0030D10D /* Products */ = {
			isa = PBXGroup;
			children = (
				51E67EF62673C7FB00FB6051 /* SimpleRtlBT.kext */,
			);
			name = Products;
			sourceTree = "<group>";
		};
		D4F91B001A2998CE0030D10D /* SimpleRtlBT */ = {
			isa = PBXGroup;
			children = (
				BBB111CB2D059DB800AF4F75 /* SimpleRtlBT.h */,
				51E67F042673CA2B00FB6051 /* SimpleRtlBT.cpp */,
				D4F91B011A2998CE0030D10D /* Info */,
			);
			path = SimpleRtlBT;
			sourceTree = "<group>";
		};
		D4F91B011A2998CE0030D10D /* Info */ = {
			isa = PBXGroup;
			children = (
				51E67F072673CC4800FB6051 /* SRTLBT.plist */,
			);
			name = Info;
			sourceTree = "<group>";
		};
/* End PBXGroup section */

/* Begin PBXHeadersBuildPhase section */
		51E67EF12673C7FB00FB6051 /* Headers */ = {
			isa = PBXHeadersBuildPhase;
			buildActionMask = 2147483647;
			files = (
				BBB111CC2D059DBC00AF4F75 /* SimpleRtlBT.h in Headers */,
			);
			runOnlyForDeploymentPostprocessing = 0;
		};
/* End PBXHeadersBuildPhase section */

/* Begin PBXNativeTarget section */
		51E67EF52673C7FB00FB6051 /* SimpleRtlBT */ = {
			isa = PBXNativeTarget;
			buildConfigurationList = 51E67EFF2673C7FB00FB6051 /* Build configuration list for PBXNativeTarget "SimpleRtlBT" */;
			buildPhases = (
				51E67EF22673C7FB00FB6051 /* Sources */,
				51E67EF32673C7FB00FB6051 /* Frameworks */,
				51E67EF12673C7FB00FB6051 /* Headers */,
				51E67F032673C95000FB6051 /* CopyFiles */,
			);
			buildRules = (
			);
			dependencies = (
			);
			name = SimpleRtlBT;
			productName = BlueToolFixup;
			productReference = 51E67EF62673C7FB00FB6051 /* SimpleRtlBT.kext */;
			productType = "com.apple.product-type.kernel-extension";
		};
/* End PBXNativeTarget section */

/* Begin PBXProject section */
		D4F91AF51A2998CE0030D10D /* Project object */ = {
			isa = PBXProject;
			attributes = {
				LastUpgradeCheck = 1300;
				TargetAttributes = {
					51E67EF52673C7FB00FB6051 = {
						CreatedOnToolsVersion = 13.0;
					};
				};
			};
			buildConfigurationList = D4F91AF81A2998CE0030D10D /* Build configuration list for PBXProject "SimpleRtlBT" */;
			compatibilityVersion = "Xcode 3.2";
			developmentRegion = en;
			hasScannedForEncodings = 0;
			knownRegions = (
				en,
				Base,
			);
			mainGroup = D4F91AF41A2998CE0030D10D;
			productRefGroup = D4F91AFF1A2998CE0030D10D /* Products */;
			projectDirPath = "";
			projectRoot = "";
			targets = (
				51E67EF52673C7FB00FB6051 /* SimpleRtlBT */,
			);
		};
/* End PBXProject section */

/* Begin PBXSourcesBuildPhase section */
		51E67EF22673C7FB00FB6051 /* Sources */ = {
			isa = PBXSourcesBuildPhase;
			buildActionMask = 2147483647;
			files = (
				51E2E7F52674FA4F00BBD815 /* plugin_start.cpp in Sources */,
				51E67F062673CA2B00FB6051 /* SimpleRtlBT.cpp in Sources */,
			);
			runOnlyForDeploymentPostprocessing = 0;
		};
/* End PBXSourcesBuildPhase section */

/* Begin XCBuildConfiguration section */
		51E67EFD2673C7FB00FB6051 /* Debug */ = {
			isa = XCBuildConfiguration;
			buildSettings = {
				CLANG_ENABLE_OBJC_WEAK = YES;
				CODE_SIGN_IDENTITY = "";
				GCC_PREPROCESSOR_DEFINITIONS = (
					"DEBUG=1",
					"PRODUCT_NAME=$(PRODUCT_NAME)",
					"MODULE_VERSION=$(MODULE_VERSION)",
					"LILU_CUSTOM_IOKIT_INIT=1",
					"$(inherited)",
				);
				HEADER_SEARCH_PATHS = "${PROJECT_DIR}/Lilu.kext/Contents/Resources";
				INFOPLIST_FILE = "$(SRCROOT)/SimpleRtlBT/SRTLBT.plist";
				LIBRARY_SEARCH_PATHS = (
					"$(inherited)",
					"$(PROJECT_DIR)/MacKernelSDK/Library/x86_64",
				);
				MACOSX_DEPLOYMENT_TARGET = 11.0;
				MODULE_NAME = cn.laobamac.SimpleRtlBT;
				MODULE_START = "$(PRODUCT_NAME)_kern_start";
				MODULE_STOP = "$(PRODUCT_NAME)_kern_stop";
				MODULE_VERSION = "$(CURRENT_PROJECT_VERSION)";
				PRODUCT_BUNDLE_IDENTIFIER = cn.laobamac.SimpleRtlBT;
				PRODUCT_NAME = "$(TARGET_NAME)";
				WRAPPER_EXTENSION = kext;
			};
			name = Debug;
		};
		51E67EFE2673C7FB00FB6051 /* Release */ = {
			isa = XCBuildConfiguration;
			buildSettings = {
				CLANG_ENABLE_OBJC_WEAK = YES;
				CODE_SIGN_IDENTITY = "";
				GCC_PREPROCESSOR_DEFINITIONS = (
					"LILU_CUSTOM_IOKIT_INIT=1",
					"PRODUCT_NAME=$(PRODUCT_NAME)",
					"MODULE_VERSION=$(MODULE_VERSION)",
					"$(inherited)",
				);
				HEADER_SEARCH_PATHS = "${PROJECT_DIR}/Lilu.kext/Contents/Resources";
				INFOPLIST_FILE = "$(SRCROOT)/SimpleRtlBT/SRTLBT.plist";
				LIBRARY_SEARCH_PATHS = (
					"$(inherited)",
					"$(PROJECT_DIR)/MacKernelSDK/Library/x86_64",
				);
				MACOSX_DEPLOYMENT_TARGET = 11.0;
				MODULE_NAME = cn.laobamac.SimpleRtlBT;
				MODULE_START = "$(PRODUCT_NAME)_kern_start";
				MODULE_STOP = "$(PRODUCT_NAME)_kern_stop";
				MODULE_VERSION = "$(CURRENT_PROJECT_VERSION)";
				PRODUCT_BUNDLE_IDENTIFIER = cn.laobamac.SimpleRtlBT;
				PRODUCT_NAME = "$(TARGET_NAME)";
				WRAPPER_EXTENSION = kext;
			};
			name = Release;
		};
		D4F91B071A2998CE0030D10D /* Debug */ = {
			isa = XCBuildConfiguration;
			buildSettings = {
				ALWAYS_SEARCH_USER_PATHS = NO;
				ARCHS = x86_64;
				CLANG_ANALYZER_LOCALIZABILITY_NONLOCALIZED = YES;
				CLANG_CXX_LANGUAGE_STANDARD = "c++1y";
				CLANG_WARN_BLOCK_CAPTURE_AUTORELEASING = YES;
				CLANG_WARN_BOOL_CONVERSION = YES;
				CLANG_WARN_COMMA = YES;
				CLANG_WARN_CONSTANT_CONVERSION = YES;
				CLANG_WARN_DEPRECATED_OBJC_IMPLEMENTATIONS = YES;
				CLANG_WARN_EMPTY_BODY = YES;
				CLANG_WARN_ENUM_CONVERSION = YES;
				CLANG_WARN_INFINITE_RECURSION = YES;
				CLANG_WARN_INT_CONVERSION = YES;
				CLANG_WARN_NON_LITERAL_NULL_CONVERSION = YES;
				CLANG_WARN_OBJC_IMPLICIT_RETAIN_SELF = YES;
				CLANG_WARN_OBJC_LITERAL_CONVERSION = YES;
				CLANG_WARN_RANGE_LOOP_ANALYSIS = YES;
				CLANG_WARN_STRICT_PROTOTYPES = YES;
				CLANG_WARN_SUSPICIOUS_MOVE = YES;
				CLANG_WARN_UNREACHABLE_CODE = YES;
				CLANG_WARN__DUPLICATE_METHOD_MATCH = YES;
				CURRENT_PROJECT_VERSION = 1.0.0;
				ENABLE_STRICT_OBJC_MSGSEND = YES;
				ENABLE_TESTABILITY = YES;
				GCC_NO_COMMON_BLOCKS = YES;
				GCC_WARN_64_TO_32_BIT_CONVERSION = YES;
				GCC_WARN_ABOUT_RETURN_TYPE = YES_ERROR;
				GCC_WARN_UNDECLARED_SELECTOR = YES;
				GCC_WARN_UNINITIALIZED_AUTOS = YES;
				GCC_WARN_UNUSED_FUNCTION = YES;
				GCC_WARN_UNUSED_VARIABLE = YES;
				KERNEL_EXTENSION_HEADER_SEARCH_PATHS = "$(PROJECT_DIR)/MacKernelSDK/Headers";
				KERNEL_FRAMEWORK_HEADERS = "$(PROJECT_DIR)/MacKernelSDK/Headers";
				MACOSX_DEPLOYMENT_TARGET = 10.9;
				ONLY_ACTIVE_ARCH = YES;
				OTHER_CFLAGS = "-Wno-stdlibcxx-not-found";
				SDKROOT = macosx;
				SYMROOT = build/Products;
			};
			name = Debug;
		};
		D4F91B081A2998CE0030D10D /* Release */ = {
			isa = XCBuildConfiguration;
			buildSettings = {
				ALWAYS_SEARCH_USER_PATHS = NO;
				ARCHS = x86_64;
				CLANG_ANALYZER_LOCALIZABILITY_NONLOCALIZED = YES;
				CLANG_CXX_LANGUAGE_STANDARD = "c++1y";
				CLANG_WARN_BLOCK_CAPTURE_AUTORELEASING = YES;
				CLANG_WARN_BOOL_CONVERSION = YES;
				CLANG_WARN_COMMA = YES;
				CLANG_WARN_CONSTANT_CONVERSION = YES;
				CLANG_WARN_DEPRECATED_OBJC_IMPLEMENTATIONS = YES;
				CLANG_WARN_EMPTY_BODY = YES;
				CLANG_WARN_ENUM_CONVERSION = YES;
				CLANG_WARN_INFINITE_RECURSION = YES;
				CLANG_WARN_INT_CONVERSION = YES;
				CLANG_WARN_NON_LITERAL_NULL_CONVERSION = YES;
				CLANG_WARN_OBJC_IMPLICIT_RETAIN_SELF = YES;
				CLANG_WARN_OBJC_LITERAL_CONVERSION = YES;
				CLANG_WARN_RANGE_LOOP_ANALYSIS = YES;
				CLANG_WARN_STRICT_PROTOTYPES = YES;
				CLANG_WARN_SUSPICIOUS_MOVE = YES;
				CLANG_WARN_UNREACHABLE_CODE = YES;
				CLANG_WARN__DUPLICATE_METHOD_MATCH = YES;
				CURRENT_PROJECT_VERSION = 1.0.0;
				ENABLE_STRICT_OBJC_MSGSEND = YES;
				GCC_NO_COMMON_BLOCKS = YES;
				GCC_WARN_64_TO_32_BIT_CONVERSION = YES;
				GCC_WARN_ABOUT_RETURN_TYPE = YES_ERROR;
				GCC_WARN_UNDECLARED_SELECTOR = YES;
				GCC_WARN_UNINITIALIZED_AUTOS = YES;
				GCC_WARN_UNUSED_FUNCTION = YES;
				GCC_WARN_UNUSED_VARIABLE = YES;
				KERNEL_EXTENSION_HEADER_SEARCH_PATHS = "$(PROJECT_DIR)/MacKernelSDK/Headers";
				KERNEL_FRAMEWORK_HEADERS = "$(PROJECT_DIR)/MacKernelSDK/Headers";
				MACOSX_DEPLOYMENT_TARGET = 10.9;
				OTHER_CFLAGS = "-Wno-stdlibcxx-not-found";
				SDKROOT = macosx;
				SYMROOT = build/Products;
			};
			name = Release;
		};
/* End XCBuildConfiguration section */

/* Begin XCConfigurationList section */
		51E67EFF2673C7FB00FB6051 /* Build configuration list for PBXNativeTarget "SimpleRtlBT" */ = {
			isa = XCConfigurationList;
			buildConfigurations = (
				51E67EFD2673C7FB00FB6051 /* Debug */,
				51E67EFE2673C7FB00FB6051 /* Release */,
			);
			defaultConfigurationIsVisible = 0;
			defaultConfigurationName = Release;
		};
		D4F91AF81A2998CE0030D10D /* Build configuration list for PBXProject "SimpleRtlBT" */ = {
			isa = XCConfigurationList;
			buildConfigurations = (
				D4F91B071A2998CE0030D10D /* Debug */,
				D4F91B081A2998CE0030D10D /* Release */,
			);
			defaultConfigurationIsVisible = 0;
			defaultConfigurationName = Release;
		};
/* End XCConfigurationList section */
	};
	rootObject = D4F91AF51A2998CE0030D10D /* Project object */;
}
